{
  "name": "convertible-bond",
  "version": "1.0.0",
  "lockfileVersion": 1,
  "requires": true,
  "dependencies": {
    "asynckit": {
      "version": "0.4.0",
      "resolved": "http://registry.npm.taobao.org/asynckit/download/asynckit-0.4.0.tgz",
      "integrity": "sha1-x57Zf380y48robyXkLzDZkdLS3k="
    },
    "axios": {
      "version": "0.21.1",
      "resolved": "https://registry.npm.taobao.org/axios/download/axios-0.21.1.tgz?cache=0&sync_timestamp=1608609215811&other_urls=https%3A%2F%2Fregistry.npm.taobao.org%2Faxios%2Fdownload%2Faxios-0.21.1.tgz",
      "integrity": "sha1-IlY0gZYvTWvemnbVFu8OXTwJsrg=",
      "requires": {
        "follow-redirects": "^1.10.0"
      }
    },
    "bluebird": {
      "version": "3.7.2",
      "resolved": "https://registry.npm.taobao.org/bluebird/download/bluebird-3.7.2.tgz",
      "integrity": "sha1-nyKcFb4nJFT/qXOs4NvueaGww28="
    },
    "combined-stream": {
      "version": "1.0.8",
      "resolved": "https://registry.npm.taobao.org/combined-stream/download/combined-stream-1.0.8.tgz",
      "integrity": "sha1-w9RaizT9cwYxoRCoolIGgrMdWn8=",
      "requires": {
        "delayed-stream": "~1.0.0"
      }
    },
    "console-table-printer": {
      "version": "2.9.0",
      "resolved": "https://registry.nlark.com/console-table-printer/download/console-table-printer-2.9.0.tgz",
      "integrity": "sha1-XXU3S8lK5XBIWHYEgpy5FLKCoIg=",
      "requires": {
        "simple-wcswidth": "^1.0.1"
      }
    },
    "csvtojson": {
      "version": "2.0.10",
      "resolved": "https://registry.npm.taobao.org/csvtojson/download/csvtojson-2.0.10.tgz",
      "integrity": "sha1-EeckLMYw2lTvznlYpF9EMhA1dXQ=",
      "requires": {
        "bluebird": "^3.5.1",
        "lodash": "^4.17.3",
        "strip-bom": "^2.0.0"
      }
    },
    "delayed-stream": {
      "version": "1.0.0",
      "resolved": "http://registry.npm.taobao.org/delayed-stream/download/delayed-stream-1.0.0.tgz",
      "integrity": "sha1-3zrhmayt+31ECqrgsp4icrJOxhk="
    },
    "follow-redirects": {
      "version": "1.14.1",
      "resolved": "https://registry.nlark.com/follow-redirects/download/follow-redirects-1.14.1.tgz?cache=0&sync_timestamp=1620555292056&other_urls=https%3A%2F%2Fregistry.nlark.com%2Ffollow-redirects%2Fdownload%2Ffollow-redirects-1.14.1.tgz",
      "integrity": "sha1-2RFN7Qoc/dM04WTmZirQK/2R/0M="
    },
    "form-data": {
      "version": "4.0.0",
      "resolved": "https://registry.npm.taobao.org/form-data/download/form-data-4.0.0.tgz?cache=0&sync_timestamp=1613411079128&other_urls=https%3A%2F%2Fregistry.npm.taobao.org%2Fform-data%2Fdownload%2Fform-data-4.0.0.tgz",
      "integrity": "sha1-k5Gdrq82HuUpWEubMWZNwSyfpFI=",
      "requires": {
        "asynckit": "^0.4.0",
        "combined-stream": "^1.0.8",
        "mime-types": "^2.1.12"
      }
    },
    "is-utf8": {
      "version": "0.2.1",
      "resolved": "http://registry.npm.taobao.org/is-utf8/download/is-utf8-0.2.1.tgz",
      "integrity": "sha1-Sw2hRCEE0bM2NA6AeX6GXPOffXI="
    },
    "lodash": {
      "version": "4.17.21",
      "resolved": "https://registry.npm.taobao.org/lodash/download/lodash-4.17.21.tgz",
      "integrity": "sha1-Z5WRxWTDv/quhFTPCz3zcMPWkRw="
    },
    "mime-db": {
      "version": "1.47.0",
      "resolved": "https://registry.npm.taobao.org/mime-db/download/mime-db-1.47.0.tgz",
      "integrity": "sha1-jLMT5Zll08Bc+/iYkVomevRqM1w="
    },
    "mime-types": {
      "version": "2.1.30",
      "resolved": "https://registry.npm.taobao.org/mime-types/download/mime-types-2.1.30.tgz",
      "integrity": "sha1-bnvotMR5gl+F7WMmaV23P5MF1i0=",
      "requires": {
        "mime-db": "1.47.0"
      }
    },
    "simple-wcswidth": {
      "version": "1.0.1",
      "resolved": "https://registry.npm.taobao.org/simple-wcswidth/download/simple-wcswidth-1.0.1.tgz",
      "integrity": "sha1-irGKwK40L52bYpYE5U0qoeywGLI="
    },
    "strip-bom": {
      "version": "2.0.0",
      "resolved": "https://registry.npm.taobao.org/strip-bom/download/strip-bom-2.0.0.tgz?cache=0&sync_timestamp=1618599587805&other_urls=https%3A%2F%2Fregistry.npm.taobao.org%2Fstrip-bom%2Fdownload%2Fstrip-bom-2.0.0.tgz",
      "integrity": "sha1-YhmoVhZSBJHzV4i9vxRHqZx+aw4=",
      "requires": {
        "is-utf8": "^0.2.0"
      }
    }
  }
}
